// !$*UTF8*$!
{
	archiveVersion = 1;
	classes = {
	};
	objectVersion = 46;
	objects = {

/* Begin PBXBuildFile section */
		C90C70F31D24017D004E206D /* SecondViewController.swift in Sources */ = {isa = PBXBuildFile; fileRef = C90C70F21D24017D004E206D /* SecondViewController.swift */; };
		C90C70F51D241906004E206D /* CellTableViewCell.swift in Sources */ = {isa = PBXBuildFile; fileRef = C90C70F41D241906004E206D /* CellTableViewCell.swift */; };
		C90C70F71D2426D5004E206D /* navigationcontrol.swift in Sources */ = {isa = PBXBuildFile; fileRef = C90C70F61D2426D5004E206D /* navigationcontrol.swift */; };
		C989E95F1CD9F217006175BF /* AppDelegate.swift in Sources */ = {isa = PBXBuildFile; fileRef = C989E95E1CD9F217006175BF /* AppDelegate.swift */; };
		C989E9611CD9F217006175BF /* ViewController.swift in Sources */ = {isa = PBXBuildFile; fileRef = C989E9601CD9F217006175BF /* ViewController.swift */; };
		C989E9641CD9F217006175BF /* Main.storyboard in Resources */ = {isa = PBXBuildFile; fileRef = C989E9621CD9F217006175BF /* Main.storyboard */; };
		C989E9661CD9F217006175BF /* Assets.xcassets in Resources */ = {isa = PBXBuildFile; fileRef = C989E9651CD9F217006175BF /* Assets.xcassets */; };
		C989E9691CD9F217006175BF /* LaunchScreen.storyboard in Resources */ = {isa = PBXBuildFile; fileRef = C989E9671CD9F217006175BF /* LaunchScreen.storyboard */; };
		C989E9741CD9F218006175BF /* JEFJEFTests.swift in Sources */ = {isa = PBXBuildFile; fileRef = C989E9731CD9F218006175BF /* JEFJEFTests.swift */; };
		C989E97F1CD9F218006175BF /* JEFJEFUITests.swift in Sources */ = {isa = PBXBuildFile; fileRef = C989E97E1CD9F218006175BF /* JEFJEFUITests.swift */; };
		C9B1323C1D1B06BA0021C831 /* ViewDeux.swift in Sources */ = {isa = PBXBuildFile; fileRef = C9B1323B1D1B06BA0021C831 /* ViewDeux.swift */; };
/* End PBXBuildFile section */

/* Begin PBXContainerItemProxy section */
		C989E9701CD9F218006175BF /* PBXContainerItemProxy */ = {
			isa = PBXContainerItemProxy;
			containerPortal = C989E9531CD9F217006175BF /* Project object */;
			proxyType = 1;
			remoteGlobalIDString = C989E95A1CD9F217006175BF;
			remoteInfo = JEFJEF;
		};
		C989E97B1CD9F218006175BF /* PBXContainerItemProxy */ = {
			isa = PBXContainerItemProxy;
			containerPortal = C989E9531CD9F217006175BF /* Project object */;
			proxyType = 1;
			remoteGlobalIDString = C989E95A1CD9F217006175BF;
			remoteInfo = JEFJEF;
		};
/* End PBXContainerItemProxy section */

/* Begin PBXFileReference section */
		C90C70F21D24017D004E206D /* SecondViewController.swift */ = {isa = PBXFileReference; fileEncoding = 4; lastKnownFileType = sourcecode.swift; name = SecondViewController.swift; path = ../SecondViewController.swift; sourceTree = "<group>"; };
		C90C70F41D241906004E206D /* CellTableViewCell.swift */ = {isa = PBXFileReference; fileEncoding = 4; lastKnownFileType = sourcecode.swift; path = CellTableViewCell.swift; sourceTree = "<group>"; };
		C90C70F61D2426D5004E206D /* navigationcontrol.swift */ = {isa = PBXFileReference; fileEncoding = 4; lastKnownFileType = sourcecode.swift; path = navigationcontrol.swift; sourceTree = "<group>"; };
		C989E95B1CD9F217006175BF /* JEFJEF.app */ = {isa = PBXFileReference; explicitFileType = wrapper.application; includeInIndex = 0; path = JEFJEF.app; sourceTree = BUILT_PRODUCTS_DIR; };
		C989E95E1CD9F217006175BF /* AppDelegate.swift */ = {isa = PBXFileReference; lastKnownFileType = sourcecode.swift; path = AppDelegate.swift; sourceTree = "<group>"; };
		C989E9601CD9F217006175BF /* ViewController.swift */ = {isa = PBXFileReference; lastKnownFileType = sourcecode.swift; path = ViewController.swift; sourceTree = "<group>"; };
		C989E9631CD9F217006175BF /* Base */ = {isa = PBXFileReference; lastKnownFileType = file.storyboard; name = Base; path = Base.lproj/Main.storyboard; sourceTree = "<group>"; };
		C989E9651CD9F217006175BF /* Assets.xcassets */ = {isa = PBXFileReference; lastKnownFileType = folder.assetcatalog; path = Assets.xcassets; sourceTree = "<group>"; };
		C989E9681CD9F217006175BF /* Base */ = {isa = PBXFileReference; lastKnownFileType = file.storyboard; name = Base; path = Base.lproj/LaunchScreen.storyboard; sourceTree = "<group>"; };
		C989E96A1CD9F217006175BF /* Info.plist */ = {isa = PBXFileReference; lastKnownFileType = text.plist.xml; path = Info.plist; sourceTree = "<group>"; };
		C989E96F1CD9F218006175BF /* JEFJEFTests.xctest */ = {isa = PBXFileReference; explicitFileType = wrapper.cfbundle; includeInIndex = 0; path = JEFJEFTests.xctest; sourceTree = BUILT_PRODUCTS_DIR; };
		C989E9731CD9F218006175BF /* JEFJEFTests.swift */ = {isa = PBXFileReference; lastKnownFileType = sourcecode.swift; path = JEFJEFTests.swift; sourceTree = "<group>"; };
		C989E9751CD9F218006175BF /* Info.plist */ = {isa = PBXFileReference; lastKnownFileType = text.plist.xml; path = Info.plist; sourceTree = "<group>"; };
		C989E97A1CD9F218006175BF /* JEFJEFUITests.xctest */ = {isa = PBXFileReference; explicitFileType = wrapper.cfbundle; includeInIndex = 0; path = JEFJEFUITests.xctest; sourceTree = BUILT_PRODUCTS_DIR; };
		C989E97E1CD9F218006175BF /* JEFJEFUITests.swift */ = {isa = PBXFileReference; lastKnownFileType = sourcecode.swift; path = JEFJEFUITests.swift; sourceTree = "<group>"; };
		C989E9801CD9F218006175BF /* Info.plist */ = {isa = PBXFileReference; lastKnownFileType = text.plist.xml; path = Info.plist; sourceTree = "<group>"; };
		C9B1323B1D1B06BA0021C831 /* ViewDeux.swift */ = {isa = PBXFileReference; fileEncoding = 4; lastKnownFileType = sourcecode.swift; name = ViewDeux.swift; path = ../ViewDeux.swift; sourceTree = "<group>"; };
/* End PBXFileReference section */

/* Begin PBXFrameworksBuildPhase section */
		C989E9581CD9F217006175BF /* Frameworks */ = {
			isa = PBXFrameworksBuildPhase;
			buildActionMask = 2147483647;
			files = (
			);
			runOnlyForDeploymentPostprocessing = 0;
		};
		C989E96C1CD9F218006175BF /* Frameworks */ = {
			isa = PBXFrameworksBuildPhase;
			buildActionMask = 2147483647;
			files = (
			);
			runOnlyForDeploymentPostprocessing = 0;
		};
		C989E9771CD9F218006175BF /* Frameworks */ = {
			isa = PBXFrameworksBuildPhase;
			buildActionMask = 2147483647;
			files = (
			);
			runOnlyForDeploymentPostprocessing = 0;
		};
/* End PBXFrameworksBuildPhase section */

/* Begin PBXGroup section */
		C989E9521CD9F217006175BF = {
			isa = PBXGroup;
			children = (
				C989E95D1CD9F217006175BF /* JEFJEF */,
				C989E9721CD9F218006175BF /* JEFJEFTests */,
				C989E97D1CD9F218006175BF /* JEFJEFUITests */,
				C989E95C1CD9F217006175BF /* Products */,
			);
			sourceTree = "<group>";
		};
		C989E95C1CD9F217006175BF /* Products */ = {
			isa = PBXGroup;
			children = (
				C989E95B1CD9F217006175BF /* JEFJEF.app */,
				C989E96F1CD9F218006175BF /* JEFJEFTests.xctest */,
				C989E97A1CD9F218006175BF /* JEFJEFUITests.xctest */,
			);
			name = Products;
			sourceTree = "<group>";
		};
		C989E95D1CD9F217006175BF /* JEFJEF */ = {
			isa = PBXGroup;
			children = (
				C989E95E1CD9F217006175BF /* AppDelegate.swift */,
				C989E9601CD9F217006175BF /* ViewController.swift */,
				C9B1323B1D1B06BA0021C831 /* ViewDeux.swift */,
				C90C70F21D24017D004E206D /* SecondViewController.swift */,
				C989E9621CD9F217006175BF /* Main.storyboard */,
				C989E9651CD9F217006175BF /* Assets.xcassets */,
				C989E9671CD9F217006175BF /* LaunchScreen.storyboard */,
				C989E96A1CD9F217006175BF /* Info.plist */,
				C90C70F41D241906004E206D /* CellTableViewCell.swift */,
				C90C70F61D2426D5004E206D /* navigationcontrol.swift */,
			);
			path = JEFJEF;
			sourceTree = "<group>";
		};
		C989E9721CD9F218006175BF /* JEFJEFTests */ = {
			isa = PBXGroup;
			children = (
				C989E9731CD9F218006175BF /* JEFJEFTests.swift */,
				C989E9751CD9F218006175BF /* Info.plist */,
			);
			path = JEFJEFTests;
			sourceTree = "<group>";
		};
		C989E97D1CD9F218006175BF /* JEFJEFUITests */ = {
			isa = PBXGroup;
			children = (
				C989E97E1CD9F218006175BF /* JEFJEFUITests.swift */,
				C989E9801CD9F218006175BF /* Info.plist */,
			);
			path = JEFJEFUITests;
			sourceTree = "<group>";
		};
/* End PBXGroup section */

/* Begin PBXNativeTarget section */
		C989E95A1CD9F217006175BF /* JEFJEF */ = {
			isa = PBXNativeTarget;
			buildConfigurationList = C989E9831CD9F218006175BF /* Build configuration list for PBXNativeTarget "JEFJEF" */;
			buildPhases = (
				C989E9571CD9F217006175BF /* Sources */,
				C989E9581CD9F217006175BF /* Frameworks */,
				C989E9591CD9F217006175BF /* Resources */,
			);
			buildRules = (
			);
			dependencies = (
			);
			name = JEFJEF;
			productName = JEFJEF;
			productReference = C989E95B1CD9F217006175BF /* JEFJEF.app */;
			productType = "com.apple.product-type.application";
		};
		C989E96E1CD9F218006175BF /* JEFJEFTests */ = {
			isa = PBXNativeTarget;
			buildConfigurationList = C989E9861CD9F218006175BF /* Build configuration list for PBXNativeTarget "JEFJEFTests" */;
			buildPhases = (
				C989E96B1CD9F218006175BF /* Sources */,
				C989E96C1CD9F218006175BF /* Frameworks */,
				C989E96D1CD9F218006175BF /* Resources */,
			);
			buildRules = (
			);
			dependencies = (
				C989E9711CD9F218006175BF /* PBXTargetDependency */,
			);
			name = JEFJEFTests;
			productName = JEFJEFTests;
			productReference = C989E96F1CD9F218006175BF /* JEFJEFTests.xctest */;
			productType = "com.apple.product-type.bundle.unit-test";
		};
		C989E9791CD9F218006175BF /* JEFJEFUITests */ = {
			isa = PBXNativeTarget;
			buildConfigurationList = C989E9891CD9F218006175BF /* Build configuration list for PBXNativeTarget "JEFJEFUITests" */;
			buildPhases = (
				C989E9761CD9F218006175BF /* Sources */,
				C989E9771CD9F218006175BF /* Frameworks */,
				C989E9781CD9F218006175BF /* Resources */,
			);
			buildRules = (
			);
			dependencies = (
				C989E97C1CD9F218006175BF /* PBXTargetDependency */,
			);
			name = JEFJEFUITests;
			productName = JEFJEFUITests;
			productReference = C989E97A1CD9F218006175BF /* JEFJEFUITests.xctest */;
			productType = "com.apple.product-type.bundle.ui-testing";
		};
/* End PBXNativeTarget section */

/* Begin PBXProject section */
		C989E9531CD9F217006175BF /* Project object */ = {
			isa = PBXProject;
			attributes = {
				LastSwiftUpdateCheck = 0730;
				LastUpgradeCheck = 0730;
				ORGANIZATIONNAME = "thibaud ravier";
				TargetAttributes = {
					C989E95A1CD9F217006175BF = {
						CreatedOnToolsVersion = 7.3;
						DevelopmentTeam = CH32P56ULM;
					};
					C989E96E1CD9F218006175BF = {
						CreatedOnToolsVersion = 7.3;
						DevelopmentTeam = CH32P56ULM;
						TestTargetID = C989E95A1CD9F217006175BF;
					};
					C989E9791CD9F218006175BF = {
						CreatedOnToolsVersion = 7.3;
						DevelopmentTeam = CH32P56ULM;
						TestTargetID = C989E95A1CD9F217006175BF;
					};
				};
			};
			buildConfigurationList = C989E9561CD9F217006175BF /* Build configuration list for PBXProject "JEFJEF" */;
			compatibilityVersion = "Xcode 3.2";
			developmentRegion = English;
			hasScannedForEncodings = 0;
			knownRegions = (
				en,
				Base,
			);
			mainGroup = C989E9521CD9F217006175BF;
			productRefGroup = C989E95C1CD9F217006175BF /* Products */;
			projectDirPath = "";
			projectRoot = "";
			targets = (
				C989E95A1CD9F217006175BF /* JEFJEF */,
				C989E96E1CD9F218006175BF /* JEFJEFTests */,
				C989E9791CD9F218006175BF /* JEFJEFUITests */,
			);
		};
/* End PBXProject section */

/* Begin PBXResourcesBuildPhase section */
		C989E9591CD9F217006175BF /* Resources */ = {
			isa = PBXResourcesBuildPhase;
			buildActionMask = 2147483647;
			files = (
				C989E9691CD9F217006175BF /* LaunchScreen.storyboard in Resources */,
				C989E9661CD9F217006175BF /* Assets.xcassets in Resources */,
				C989E9641CD9F217006175BF /* Main.storyboard in Resources */,
			);
			runOnlyForDeploymentPostprocessing = 0;
		};
		C989E96D1CD9F218006175BF /* Resources */ = {
			isa = PBXResourcesBuildPhase;
			buildActionMask = 2147483647;
			files = (
			);
			runOnlyForDeploymentPostprocessing = 0;
		};
		C989E9781CD9F218006175BF /* Resources */ = {
			isa = PBXResourcesBuildPhase;
			buildActionMask = 2147483647;
			files = (
			);
			runOnlyForDeploymentPostprocessing = 0;
		};
/* End PBXResourcesBuildPhase section */

/* Begin PBXSourcesBuildPhase section */
		C989E9571CD9F217006175BF /* Sources */ = {
			isa = PBXSourcesBuildPhase;
			buildActionMask = 2147483647;
			files = (
				C90C70F51D241906004E206D /* CellTableViewCell.swift in Sources */,
				C989E9611CD9F217006175BF /* ViewController.swift in Sources */,
				C90C70F31D24017D004E206D /* SecondViewController.swift in Sources */,
				C90C70F71D2426D5004E206D /* navigationcontrol.swift in Sources */,
				C9B1323C1D1B06BA0021C831 /* ViewDeux.swift in Sources */,
				C989E95F1CD9F217006175BF /* AppDelegate.swift in Sources */,
			);
			runOnlyForDeploymentPostprocessing = 0;
		};
		C989E96B1CD9F218006175BF /* Sources */ = {
			isa = PBXSourcesBuildPhase;
			buildActionMask = 2147483647;
			files = (
				C989E9741CD9F218006175BF /* JEFJEFTests.swift in Sources */,
			);
			runOnlyForDeploymentPostprocessing = 0;
		};
		C989E9761CD9F218006175BF /* Sources */ = {
			isa = PBXSourcesBuildPhase;
			buildActionMask = 2147483647;
			files = (
				C989E97F1CD9F218006175BF /* JEFJEFUITests.swift in Sources */,
			);
			runOnlyForDeploymentPostprocessing = 0;
		};
/* End PBXSourcesBuildPhase section */

/* Begin PBXTargetDependency section */
		C989E9711CD9F218006175BF /* PBXTargetDependency */ = {
			isa = PBXTargetDependency;
			target = C989E95A1CD9F217006175BF /* JEFJEF */;
			targetProxy = C989E9701CD9F218006175BF /* PBXContainerItemProxy */;
		};
		C989E97C1CD9F218006175BF /* PBXTargetDependency */ = {
			isa = PBXTargetDependency;
			target = C989E95A1CD9F217006175BF /* JEFJEF */;
			targetProxy = C989E97B1CD9F218006175BF /* PBXContainerItemProxy */;
		};
/* End PBXTargetDependency section */

/* Begin PBXVariantGroup section */
		C989E9621CD9F217006175BF /* Main.storyboard */ = {
			isa = PBXVariantGroup;
			children = (
				C989E9631CD9F217006175BF /* Base */,
			);
			name = Main.storyboard;
			sourceTree = "<group>";
		};
		C989E9671CD9F217006175BF /* LaunchScreen.storyboard */ = {
			isa = PBXVariantGroup;
			children = (
				C989E9681CD9F217006175BF /* Base */,
			);
			name = LaunchScreen.storyboard;
			sourceTree = "<group>";
		};
/* End PBXVariantGroup section */

/* Begin XCBuildConfiguration section */
		C989E9811CD9F218006175BF /* Debug */ = {
			isa = XCBuildConfiguration;
			buildSettings = {
				ALWAYS_SEARCH_USER_PATHS = NO;
				CLANG_ANALYZER_NONNULL = YES;
				CLANG_CXX_LANGUAGE_STANDARD = "gnu++0x";
				CLANG_CXX_LIBRARY = "libc++";
				CLANG_ENABLE_MODULES = YES;
				CLANG_ENABLE_OBJC_ARC = YES;
				CLANG_WARN_BOOL_CONVERSION = YES;
				CLANG_WARN_CONSTANT_CONVERSION = YES;
				CLANG_WARN_DIRECT_OBJC_ISA_USAGE = YES_ERROR;
				CLANG_WARN_EMPTY_BODY = YES;
				CLANG_WARN_ENUM_CONVERSION = YES;
				CLANG_WARN_INT_CONVERSION = YES;
				CLANG_WARN_OBJC_ROOT_CLASS = YES_ERROR;
				CLANG_WARN_UNREACHABLE_CODE = YES;
				CLANG_WARN__DUPLICATE_METHOD_MATCH = YES;
				"CODE_SIGN_IDENTITY[sdk=iphoneos*]" = "iPhone Developer";
				COPY_PHASE_STRIP = NO;
				DEBUG_INFORMATION_FORMAT = dwarf;
				ENABLE_STRICT_OBJC_MSGSEND = YES;
				ENABLE_TESTABILITY = YES;
				GCC_C_LANGUAGE_STANDARD = gnu99;
				GCC_DYNAMIC_NO_PIC = NO;
				GCC_NO_COMMON_BLOCKS = YES;
				GCC_OPTIMIZATION_LEVEL = 0;
				GCC_PREPROCESSOR_DEFINITIONS = (
					"DEBUG=1",
					"$(inherited)",
				);
				GCC_WARN_64_TO_32_BIT_CONVERSION = YES;
				GCC_WARN_ABOUT_RETURN_TYPE = YES_ERROR;
				GCC_WARN_UNDECLARED_SELECTOR = YES;
				GCC_WARN_UNINITIALIZED_AUTOS = YES_AGGRESSIVE;
				GCC_WARN_UNUSED_FUNCTION = YES;
				GCC_WARN_UNUSED_VARIABLE = YES;
				IPHONEOS_DEPLOYMENT_TARGET = 9.3;
				MTL_ENABLE_DEBUG_INFO = YES;
				ONLY_ACTIVE_ARCH = YES;
				SDKROOT = iphoneos;
				SWIFT_OPTIMIZATION_LEVEL = "-Onone";
			};
			name = Debug;
		};
		C989E9821CD9F218006175BF /* Release */ = {
			isa = XCBuildConfiguration;
			buildSettings = {
				ALWAYS_SEARCH_USER_PATHS = NO;
				CLANG_ANALYZER_NONNULL = YES;
				CLANG_CXX_LANGUAGE_STANDARD = "gnu++0x";
				CLANG_CXX_LIBRARY = "libc++";
				CLANG_ENABLE_MODULES = YES;
				CLANG_ENABLE_OBJC_ARC = YES;
				CLANG_WARN_BOOL_CONVERSION = YES;
				CLANG_WARN_CONSTANT_CONVERSION = YES;
				CLANG_WARN_DIRECT_OBJC_ISA_USAGE = YES_ERROR;
				CLANG_WARN_EMPTY_BODY = YES;
				CLANG_WARN_ENUM_CONVERSION = YES;
				CLANG_WARN_INT_CONVERSION = YES;
				CLANG_WARN_OBJC_ROOT_CLASS = YES_ERROR;
				CLANG_WARN_UNREACHABLE_CODE = YES;
				CLANG_WARN__DUPLICATE_METHOD_MATCH = YES;
				"CODE_SIGN_IDENTITY[sdk=iphoneos*]" = "iPhone Developer";
				COPY_PHASE_STRIP = NO;
				DEBUG_INFORMATION_FORMAT = "dwarf-with-dsym";
				ENABLE_NS_ASSERTIONS = NO;
				ENABLE_STRICT_OBJC_MSGSEND = YES;
				GCC_C_LANGUAGE_STANDARD = gnu99;
				GCC_NO_COMMON_BLOCKS = YES;
				GCC_WARN_64_TO_32_BIT_CONVERSION = YES;
				GCC_WARN_ABOUT_RETURN_TYPE = YES_ERROR;
				GCC_WARN_UNDECLARED_SELECTOR = YES;
				GCC_WARN_UNINITIALIZED_AUTOS = YES_AGGRESSIVE;
				GCC_WARN_UNUSED_FUNCTION = YES;
				GCC_WARN_UNUSED_VARIABLE = YES;
				IPHONEOS_DEPLOYMENT_TARGET = 9.3;
				MTL_ENABLE_DEBUG_INFO = NO;
				SDKROOT = iphoneos;
				VALIDATE_PRODUCT = YES;
			};
			name = Release;
		};
		C989E9841CD9F218006175BF /* Debug */ = {
			isa = XCBuildConfiguration;
			buildSettings = {
				ASSETCATALOG_COMPILER_APPICON_NAME = AppIcon;
				INFOPLIST_FILE = JEFJEF/Info.plist;
				IPHONEOS_DEPLOYMENT_TARGET = 9.0;
				LD_RUNPATH_SEARCH_PATHS = "$(inherited) @executable_path/Frameworks";
				PRODUCT_BUNDLE_IDENTIFIER = "JEF-Indusrty.JEFJEF";
				PRODUCT_NAME = "$(TARGET_NAME)";
			};
			name = Debug;
		};
		C989E9851CD9F218006175BF /* Release */ = {
			isa = XCBuildConfiguration;
			buildSettings = {
				ASSETCATALOG_COMPILER_APPICON_NAME = AppIcon;
				INFOPLIST_FILE = JEFJEF/Info.plist;
				IPHONEOS_DEPLOYMENT_TARGET = 9.0;
				LD_RUNPATH_SEARCH_PATHS = "$(inherited) @executable_path/Frameworks";
				PRODUCT_BUNDLE_IDENTIFIER = "JEF-Indusrty.JEFJEF";
				PRODUCT_NAME = "$(TARGET_NAME)";
			};
			name = Release;
		};
		C989E9871CD9F218006175BF /* Debug */ = {
			isa = XCBuildConfiguration;
			buildSettings = {
				BUNDLE_LOADER = "$(TEST_HOST)";
				INFOPLIST_FILE = JEFJEFTests/Info.plist;
				LD_RUNPATH_SEARCH_PATHS = "$(inherited) @executable_path/Frameworks @loader_path/Frameworks";
				PRODUCT_BUNDLE_IDENTIFIER = "JEF-Indusrty.JEFJEFTests";
				PRODUCT_NAME = "$(TARGET_NAME)";
				TEST_HOST = "$(BUILT_PRODUCTS_DIR)/JEFJEF.app/JEFJEF";
			};
			name = Debug;
		};
		C989E9881CD9F218006175BF /* Release */ = {
			isa = XCBuildConfiguration;
			buildSettings = {
				BUNDLE_LOADER = "$(TEST_HOST)";
				INFOPLIST_FILE = JEFJEFTests/Info.plist;
				LD_RUNPATH_SEARCH_PATHS = "$(inherited) @executable_path/Frameworks @loader_path/Frameworks";
				PRODUCT_BUNDLE_IDENTIFIER = "JEF-Indusrty.JEFJEFTests";
				PRODUCT_NAME = "$(TARGET_NAME)";
				TEST_HOST = "$(BUILT_PRODUCTS_DIR)/JEFJEF.app/JEFJEF";
			};
			name = Release;
		};
		C989E98A1CD9F218006175BF /* Debug */ = {
			isa = XCBuildConfiguration;
			buildSettings = {
				INFOPLIST_FILE = JEFJEFUITests/Info.plist;
				LD_RUNPATH_SEARCH_PATHS = "$(inherited) @executable_path/Frameworks @loader_path/Frameworks";
				PRODUCT_BUNDLE_IDENTIFIER = "JEF-Indusrty.JEFJEFUITests";
				PRODUCT_NAME = "$(TARGET_NAME)";
				TEST_TARGET_NAME = JEFJEF;
			};
			name = Debug;
		};
		C989E98B1CD9F218006175BF /* Release */ = {
			isa = XCBuildConfiguration;
			buildSettings = {
				INFOPLIST_FILE = JEFJEFUITests/Info.plist;
				LD_RUNPATH_SEARCH_PATHS = "$(inherited) @executable_path/Frameworks @loader_path/Frameworks";
				PRODUCT_BUNDLE_IDENTIFIER = "JEF-Indusrty.JEFJEFUITests";
				PRODUCT_NAME = "$(TARGET_NAME)";
				TEST_TARGET_NAME = JEFJEF;
			};
			name = Release;
		};
/* End XCBuildConfiguration section */

/* Begin XCConfigurationList section */
		C989E9561CD9F217006175BF /* Build configuration list for PBXProject "JEFJEF" */ = {
			isa = XCConfigurationList;
			buildConfigurations = (
				C989E9811CD9F218006175BF /* Debug */,
				C989E9821CD9F218006175BF /* Release */,
			);
			defaultConfigurationIsVisible = 0;
			defaultConfigurationName = Release;
		};
		C989E9831CD9F218006175BF /* Build configuration list for PBXNativeTarget "JEFJEF" */ = {
			isa = XCConfigurationList;
			buildConfigurations = (
				C989E9841CD9F218006175BF /* Debug */,
				C989E9851CD9F218006175BF /* Release */,
			);
			defaultConfigurationIsVisible = 0;
			defaultConfigurationName = Release;
		};
		C989E9861CD9F218006175BF /* Build configuration list for PBXNativeTarget "JEFJEFTests" */ = {
			isa = XCConfigurationList;
			buildConfigurations = (
				C989E9871CD9F218006175BF /* Debug */,
				C989E9881CD9F218006175BF /* Release */,
			);
			defaultConfigurationIsVisible = 0;
			defaultConfigurationName = Release;
		};
		C989E9891CD9F218006175BF /* Build configuration list for PBXNativeTarget "JEFJEFUITests" */ = {
			isa = XCConfigurationList;
			buildConfigurations = (
				C989E98A1CD9F218006175BF /* Debug */,
				C989E98B1CD9F218006175BF /* Release */,
			);
			defaultConfigurationIsVisible = 0;
			defaultConfigurationName = Release;
		};
/* End XCConfigurationList section */
	};
	rootObject = C989E9531CD9F217006175BF /* Project object */;
}
